
Microsoft Visual Studio Solution File, Format Version 12.00
# Visual Studio 14
VisualStudioVersion = 14.0.23107.0
MinimumVisualStudioVersion = 10.0.40219.1
Project("{FAE04EC0-301F-11D3-BF4B-00C04F79EFBC}") = "RestaurantManager.UniversalWindows", "RestaurantManager.UniversalWindows\RestaurantManager.UniversalWindows.csproj", "{68FFC1ED-FF3F-4A5C-8199-F950CD0D6085}"
EndProject
Project("{FAE04EC0-301F-11D3-BF4B-00C04F79EFBC}") = "RestaurantManager.Models", "RestaurantManager.Models\RestaurantManager.Models.csproj", "{F9C8B7B1-3A09-49D2-9BD5-F0A90ADAC174}"
EndProject
Global
	GlobalSection(SolutionConfigurationPlatforms) = preSolution
		Debug|Any CPU = Debug|Any CPU
		Debug|ARM = Debug|ARM
		Debug|x64 = Debug|x64
		Debug|x86 = Debug|x86
		Release|Any CPU = Release|Any CPU
		Release|ARM = Release|ARM
		Release|x64 = Release|x64
		Release|x86 = Release|x86
	EndGlobalSection
	GlobalSection(ProjectConfigurationPlatforms) = postSolution
		{68FFC1ED-FF3F-4A5C-8199-F950CD0D6085}.Debug|Any CPU.ActiveCfg = Debug|x86
		{68FFC1ED-FF3F-4A5C-8199-F950CD0D6085}.Debug|ARM.ActiveCfg = Debug|ARM
		{68FFC1ED-FF3F-4A5C-8199-F950CD0D6085}.Debug|ARM.Build.0 = Debug|ARM
		{68FFC1ED-FF3F-4A5C-8199-F950CD0D6085}.Debug|ARM.Deploy.0 = Debug|ARM
		{68FFC1ED-FF3F-4A5C-8199-F950CD0D6085}.Debug|x64.ActiveCfg = Debug|x64
		{68FFC1ED-FF3F-4A5C-8199-F950CD0D6085}.Debug|x64.Build.0 = Debug|x64
		{68FFC1ED-FF3F-4A5C-8199-F950CD0D6085}.Debug|x64.Deploy.0 = Debug|x64
		{68FFC1ED-FF3F-4A5C-8199-F950CD0D6085}.Debug|x86.ActiveCfg = Debug|x86
		{68FFC1ED-FF3F-4A5C-8199-F950CD0D6085}.Debug|x86.Build.0 = Debug|x86
		{68FFC1ED-FF3F-4A5C-8199-F950CD0D6085}.Debug|x86.Deploy.0 = Debug|x86
		{68FFC1ED-FF3F-4A5C-8199-F950CD0D6085}.Release|Any CPU.ActiveCfg = Release|x86
		{68FFC1ED-FF3F-4A5C-8199-F950CD0D6085}.Release|ARM.ActiveCfg = Release|ARM
		{68FFC1ED-FF3F-4A5C-8199-F950CD0D6085}.Release|ARM.Build.0 = Release|ARM
		{68FFC1ED-FF3F-4A5C-8199-F950CD0D6085}.Release|ARM.Deploy.0 = Release|ARM
		{68FFC1ED-FF3F-4A5C-8199-F950CD0D6085}.Release|x64.ActiveCfg = Release|x64
		{68FFC1ED-FF3F-4A5C-8199-F950CD0D6085}.Release|x64.Build.0 = Release|x64
		{68FFC1ED-FF3F-4A5C-8199-F950CD0D6085}.Release|x64.Deploy.0 = Release|x64
		{68FFC1ED-FF3F-4A5C-8199-F950CD0D6085}.Release|x86.ActiveCfg = Release|x86
		{68FFC1ED-FF3F-4A5C-8199-F950CD0D6085}.Release|x86.Build.0 = Release|x86
		{68FFC1ED-FF3F-4A5C-8199-F950CD0D6085}.Release|x86.Deploy.0 = Release|x86
		{F9C8B7B1-3A09-49D2-9BD5-F0A90ADAC174}.Debug|Any CPU.ActiveCfg = Debug|Any CPU
		{F9C8B7B1-3A09-49D2-9BD5-F0A90ADAC174}.Debug|Any CPU.Build.0 = Debug|Any CPU
		{F9C8B7B1-3A09-49D2-9BD5-F0A90ADAC174}.Debug|ARM.ActiveCfg = Debug|ARM
		{F9C8B7B1-3A09-49D2-9BD5-F0A90ADAC174}.Debug|ARM.Build.0 = Debug|ARM
		{F9C8B7B1-3A09-49D2-9BD5-F0A90ADAC174}.Debug|x64.ActiveCfg = Debug|x64
		{F9C8B7B1-3A09-49D2-9BD5-F0A90ADAC174}.Debug|x64.Build.0 = Debug|x64
		{F9C8B7B1-3A09-49D2-9BD5-F0A90ADAC174}.Debug|x86.ActiveCfg = Debug|x86
		{F9C8B7B1-3A09-49D2-9BD5-F0A90ADAC174}.Debug|x86.Build.0 = Debug|x86
		{F9C8B7B1-3A09-49D2-9BD5-F0A90ADAC174}.Release|Any CPU.ActiveCfg = Release|Any CPU
		{F9C8B7B1-3A09-49D2-9BD5-F0A90ADAC174}.Release|Any CPU.Build.0 = Release|Any CPU
		{F9C8B7B1-3A09-49D2-9BD5-F0A90ADAC174}.Release|ARM.ActiveCfg = Release|ARM
		{F9C8B7B1-3A09-49D2-9BD5-F0A90ADAC174}.Release|ARM.Build.0 = Release|ARM
		{F9C8B7B1-3A09-49D2-9BD5-F0A90ADAC174}.Release|x64.ActiveCfg = Release|x64
		{F9C8B7B1-3A09-49D2-9BD5-F0A90ADAC174}.Release|x64.Build.0 = Release|x64
		{F9C8B7B1-3A09-49D2-9BD5-F0A90ADAC174}.Release|x86.ActiveCfg = Release|x86
		{F9C8B7B1-3A09-49D2-9BD5-F0A90ADAC174}.Release|x86.Build.0 = Release|x86
	EndGlobalSection
	GlobalSection(SolutionProperties) = preSolution
		HideSolutionNode = FALSE
	EndGlobalSection
EndGlobal
